hash: 32c27e0c28884f11a580f7bc9bfb849f9416d759bfb567dbea561acdfb5a9906
updated: 2019-04-23T12:13:00.222985+08:00
imports:
- name: github.com/bradfitz/gomemcache
  version: 551aad21a6682b95329c1f5bd62ee5060d64f7e8
  subpackages:
  - memcache
- name: github.com/go-redis/redis
  version: d22fde8721cc915a55aeb6b00944a76a92bfeb6e
testImports: []
